
Microsoft Visual Studio Solution File, Format Version 12.00
# Visual Studio Version 17
VisualStudioVersion = 17.13.35931.197 d17.13
MinimumVisualStudioVersion = 10.0.40219.1
Project("{FAE04EC0-301F-11D3-BF4B-00C04F79EFBC}") = "TSZH_Komarov", "TSZH_Komarov\TSZH_Komarov.csproj", "{7896F91B-EC47-41BB-8A79-8DB0C5EE4422}"
EndProject
Global
	GlobalSection(SolutionConfigurationPlatforms) = preSolution
		Debug|Any CPU = Debug|Any CPU
		Release|Any CPU = Release|Any CPU
	EndGlobalSection
	GlobalSection(ProjectConfigurationPlatforms) = postSolution
		{7896F91B-EC47-41BB-8A79-8DB0C5EE4422}.Debug|Any CPU.ActiveCfg = Debug|Any CPU
		{7896F91B-EC47-41BB-8A79-8DB0C5EE4422}.Debug|Any CPU.Build.0 = Debug|Any CPU
		{7896F91B-EC47-41BB-8A79-8DB0C5EE4422}.Release|Any CPU.ActiveCfg = Release|Any CPU
		{7896F91B-EC47-41BB-8A79-8DB0C5EE4422}.Release|Any CPU.Build.0 = Release|Any CPU
	EndGlobalSection
	GlobalSection(SolutionProperties) = preSolution
		HideSolutionNode = FALSE
	EndGlobalSection
	GlobalSection(ExtensibilityGlobals) = postSolution
		SolutionGuid = {7652C039-1418-465C-AFD0-66C0A607184A}
	EndGlobalSection
EndGlobal
